# This file is autogenerated, do not edit; changes may be undone by the next 'dep ensure'.


[[projects]]
  name = "github.com/davecgh/go-spew"
  packages = ["spew"]
  revision = "346938d642f2ec3594ed81d874461961cd0faa76"
  version = "v1.1.0"

[[projects]]
  branch = "master"
  name = "github.com/dgryski/go-bits"
  packages = ["."]
  revision = "2ad8d707cc05b1815ce6ff2543bb5e8d8f9298ef"

[[projects]]
  branch = "master"
  name = "github.com/dgryski/go-metro"
  packages = ["."]
  revision = "e7aec1ade50b797c654e33c634eadabefab66c6e"

[solve-meta]
  analyzer-name = "dep"
  analyzer-version = 1
  inputs-digest = "f5290b6a0187200c34746de727abbe57215d5cd1bd0dff44e5b0134fbf60fa3b"
  solver-name = "gps-cdcl"
  solver-version = 1
